
Microsoft Visual Studio Solution File, Format Version 12.00
# Visual Studio Version 17
VisualStudioVersion = 17.8.34511.84
MinimumVisualStudioVersion = 10.0.40219.1
Project("{9A19103F-16F7-4668-BE54-9A1E7A4F7556}") = "DeployAssistant", "DeployAssistant\DeployAssistant.csproj", "{3606383B-C04D-4105-BD79-7AB9EB1AF675}"
EndProject
Project("{2150E333-8FDC-42A3-9474-1A3956D46DE8}") = "Solution Items", "Solution Items", "{8CBA3EA4-AA21-4797-A068-FE2091482D0A}"
	ProjectSection(SolutionItems) = preProject
		.editorconfig = .editorconfig
	EndProjectSection
EndProject
Project("{FAE04EC0-301F-11D3-BF4B-00C04F79EFBC}") = "DeployAssistant.Tests", "DeployAssistant.Tests\DeployAssistant.Tests.csproj", "{074DCC1E-251A-4108-B3BE-CE11CD9D2F1C}"
EndProject
Project("{9A19103F-16F7-4668-BE54-9A1E7A4F7556}") = "DeployAssistant.CLI", "DeployAssistant.CLI\DeployAssistant.CLI.csproj", "{C2D3E4F5-A6B7-8901-CDEF-012345678912}"
EndProject
Project("{FAE04EC0-301F-11D3-BF4B-00C04F79EFBC}") = "DeployAssistant.Core", "DeployAssistant.Core\DeployAssistant.Core.csproj", "{E26E5BA2-D1D8-4D2D-8818-305D327DA9C9}"
EndProject
Project("{FAE04EC0-301F-11D3-BF4B-00C04F79EFBC}") = "DeployAssistant.CLI.Tests", "DeployAssistant.CLI.Tests\DeployAssistant.CLI.Tests.csproj", "{672FB64E-F4A9-4766-8DF8-5526D598A5C9}"
EndProject
Global
	GlobalSection(SolutionConfigurationPlatforms) = preSolution
		Debug|Any CPU = Debug|Any CPU
		Debug|x64 = Debug|x64
		Debug|x86 = Debug|x86
		Release|Any CPU = Release|Any CPU
		Release|x64 = Release|x64
		Release|x86 = Release|x86
	EndGlobalSection
	GlobalSection(ProjectConfigurationPlatforms) = postSolution
		{3606383B-C04D-4105-BD79-7AB9EB1AF675}.Debug|Any CPU.ActiveCfg = Debug|Any CPU
		{3606383B-C04D-4105-BD79-7AB9EB1AF675}.Debug|Any CPU.Build.0 = Debug|Any CPU
		{3606383B-C04D-4105-BD79-7AB9EB1AF675}.Debug|x64.ActiveCfg = Debug|Any CPU
		{3606383B-C04D-4105-BD79-7AB9EB1AF675}.Debug|x64.Build.0 = Debug|Any CPU
		{3606383B-C04D-4105-BD79-7AB9EB1AF675}.Debug|x86.ActiveCfg = Debug|Any CPU
		{3606383B-C04D-4105-BD79-7AB9EB1AF675}.Debug|x86.Build.0 = Debug|Any CPU
		{3606383B-C04D-4105-BD79-7AB9EB1AF675}.Release|Any CPU.ActiveCfg = Release|Any CPU
		{3606383B-C04D-4105-BD79-7AB9EB1AF675}.Release|Any CPU.Build.0 = Release|Any CPU
		{3606383B-C04D-4105-BD79-7AB9EB1AF675}.Release|x64.ActiveCfg = Release|Any CPU
		{3606383B-C04D-4105-BD79-7AB9EB1AF675}.Release|x64.Build.0 = Release|Any CPU
		{3606383B-C04D-4105-BD79-7AB9EB1AF675}.Release|x86.ActiveCfg = Release|Any CPU
		{3606383B-C04D-4105-BD79-7AB9EB1AF675}.Release|x86.Build.0 = Release|Any CPU
		{074DCC1E-251A-4108-B3BE-CE11CD9D2F1C}.Debug|Any CPU.ActiveCfg = Debug|Any CPU
		{074DCC1E-251A-4108-B3BE-CE11CD9D2F1C}.Debug|Any CPU.Build.0 = Debug|Any CPU
		{074DCC1E-251A-4108-B3BE-CE11CD9D2F1C}.Debug|x64.ActiveCfg = Debug|Any CPU
		{074DCC1E-251A-4108-B3BE-CE11CD9D2F1C}.Debug|x64.Build.0 = Debug|Any CPU
		{074DCC1E-251A-4108-B3BE-CE11CD9D2F1C}.Debug|x86.ActiveCfg = Debug|Any CPU
		{074DCC1E-251A-4108-B3BE-CE11CD9D2F1C}.Debug|x86.Build.0 = Debug|Any CPU
		{074DCC1E-251A-4108-B3BE-CE11CD9D2F1C}.Release|Any CPU.ActiveCfg = Release|Any CPU
		{074DCC1E-251A-4108-B3BE-CE11CD9D2F1C}.Release|Any CPU.Build.0 = Release|Any CPU
		{074DCC1E-251A-4108-B3BE-CE11CD9D2F1C}.Release|x64.ActiveCfg = Release|Any CPU
		{074DCC1E-251A-4108-B3BE-CE11CD9D2F1C}.Release|x64.Build.0 = Release|Any CPU
		{074DCC1E-251A-4108-B3BE-CE11CD9D2F1C}.Release|x86.ActiveCfg = Release|Any CPU
		{074DCC1E-251A-4108-B3BE-CE11CD9D2F1C}.Release|x86.Build.0 = Release|Any CPU
		{C2D3E4F5-A6B7-8901-CDEF-012345678912}.Debug|Any CPU.ActiveCfg = Debug|Any CPU
		{C2D3E4F5-A6B7-8901-CDEF-012345678912}.Debug|Any CPU.Build.0 = Debug|Any CPU
		{C2D3E4F5-A6B7-8901-CDEF-012345678912}.Debug|x64.ActiveCfg = Debug|Any CPU
		{C2D3E4F5-A6B7-8901-CDEF-012345678912}.Debug|x64.Build.0 = Debug|Any CPU
		{C2D3E4F5-A6B7-8901-CDEF-012345678912}.Debug|x86.ActiveCfg = Debug|Any CPU
		{C2D3E4F5-A6B7-8901-CDEF-012345678912}.Debug|x86.Build.0 = Debug|Any CPU
		{C2D3E4F5-A6B7-8901-CDEF-012345678912}.Release|Any CPU.ActiveCfg = Release|Any CPU
		{C2D3E4F5-A6B7-8901-CDEF-012345678912}.Release|Any CPU.Build.0 = Release|Any CPU
		{C2D3E4F5-A6B7-8901-CDEF-012345678912}.Release|x64.ActiveCfg = Release|Any CPU
		{C2D3E4F5-A6B7-8901-CDEF-012345678912}.Release|x64.Build.0 = Release|Any CPU
		{C2D3E4F5-A6B7-8901-CDEF-012345678912}.Release|x86.ActiveCfg = Release|Any CPU
		{C2D3E4F5-A6B7-8901-CDEF-012345678912}.Release|x86.Build.0 = Release|Any CPU
		{E26E5BA2-D1D8-4D2D-8818-305D327DA9C9}.Debug|Any CPU.ActiveCfg = Debug|Any CPU
		{E26E5BA2-D1D8-4D2D-8818-305D327DA9C9}.Debug|Any CPU.Build.0 = Debug|Any CPU
		{E26E5BA2-D1D8-4D2D-8818-305D327DA9C9}.Debug|x64.ActiveCfg = Debug|Any CPU
		{E26E5BA2-D1D8-4D2D-8818-305D327DA9C9}.Debug|x64.Build.0 = Debug|Any CPU
		{E26E5BA2-D1D8-4D2D-8818-305D327DA9C9}.Debug|x86.ActiveCfg = Debug|Any CPU
		{E26E5BA2-D1D8-4D2D-8818-305D327DA9C9}.Debug|x86.Build.0 = Debug|Any CPU
		{E26E5BA2-D1D8-4D2D-8818-305D327DA9C9}.Release|Any CPU.ActiveCfg = Release|Any CPU
		{E26E5BA2-D1D8-4D2D-8818-305D327DA9C9}.Release|Any CPU.Build.0 = Release|Any CPU
		{E26E5BA2-D1D8-4D2D-8818-305D327DA9C9}.Release|x64.ActiveCfg = Release|Any CPU
		{E26E5BA2-D1D8-4D2D-8818-305D327DA9C9}.Release|x64.Build.0 = Release|Any CPU
		{E26E5BA2-D1D8-4D2D-8818-305D327DA9C9}.Release|x86.ActiveCfg = Release|Any CPU
		{E26E5BA2-D1D8-4D2D-8818-305D327DA9C9}.Release|x86.Build.0 = Release|Any CPU
		{672FB64E-F4A9-4766-8DF8-5526D598A5C9}.Debug|Any CPU.ActiveCfg = Debug|Any CPU
		{672FB64E-F4A9-4766-8DF8-5526D598A5C9}.Debug|Any CPU.Build.0 = Debug|Any CPU
		{672FB64E-F4A9-4766-8DF8-5526D598A5C9}.Debug|x64.ActiveCfg = Debug|Any CPU
		{672FB64E-F4A9-4766-8DF8-5526D598A5C9}.Debug|x64.Build.0 = Debug|Any CPU
		{672FB64E-F4A9-4766-8DF8-5526D598A5C9}.Debug|x86.ActiveCfg = Debug|Any CPU
		{672FB64E-F4A9-4766-8DF8-5526D598A5C9}.Debug|x86.Build.0 = Debug|Any CPU
		{672FB64E-F4A9-4766-8DF8-5526D598A5C9}.Release|Any CPU.ActiveCfg = Release|Any CPU
		{672FB64E-F4A9-4766-8DF8-5526D598A5C9}.Release|Any CPU.Build.0 = Release|Any CPU
		{672FB64E-F4A9-4766-8DF8-5526D598A5C9}.Release|x64.ActiveCfg = Release|Any CPU
		{672FB64E-F4A9-4766-8DF8-5526D598A5C9}.Release|x64.Build.0 = Release|Any CPU
		{672FB64E-F4A9-4766-8DF8-5526D598A5C9}.Release|x86.ActiveCfg = Release|Any CPU
		{672FB64E-F4A9-4766-8DF8-5526D598A5C9}.Release|x86.Build.0 = Release|Any CPU
	EndGlobalSection
	GlobalSection(SolutionProperties) = preSolution
		HideSolutionNode = FALSE
	EndGlobalSection
	GlobalSection(ExtensibilityGlobals) = postSolution
		SolutionGuid = {CF00E489-7B79-4052-8E70-A6CE8431D1DE}
	EndGlobalSection
EndGlobal
